// !$*UTF8*$!
{
	archiveVersion = 1;
	classes = {
	};
	objectVersion = 46;
	objects = {

/* Begin PBXBuildFile section */
		2708C0B81F54E65000800143 /* AppDelegate.swift in Sources */ = {isa = PBXBuildFile; fileRef = 2708C0B71F54E65000800143 /* AppDelegate.swift */; };
		2708C0BA1F54E65000800143 /* MainVC.swift in Sources */ = {isa = PBXBuildFile; fileRef = 2708C0B91F54E65000800143 /* MainVC.swift */; };
		2708C0BD1F54E65000800143 /* Main.storyboard in Resources */ = {isa = PBXBuildFile; fileRef = 2708C0BB1F54E65000800143 /* Main.storyboard */; };
		2708C0BF1F54E65000800143 /* Assets.xcassets in Resources */ = {isa = PBXBuildFile; fileRef = 2708C0BE1F54E65000800143 /* Assets.xcassets */; };
		2708C0C21F54E65000800143 /* LaunchScreen.storyboard in Resources */ = {isa = PBXBuildFile; fileRef = 2708C0C01F54E65000800143 /* LaunchScreen.storyboard */; };
		2708C0CA1F54EF0300800143 /* pokemon.csv in Resources */ = {isa = PBXBuildFile; fileRef = 2708C0C91F54EF0300800143 /* pokemon.csv */; };
		2708C0CD1F54F28200800143 /* Pokemon.swift in Sources */ = {isa = PBXBuildFile; fileRef = 2708C0CC1F54F28200800143 /* Pokemon.swift */; };
		277DC0B11F5B337A0064601F /* MainVCCollectionViewDelegate.swift in Sources */ = {isa = PBXBuildFile; fileRef = 277DC0B01F5B337A0064601F /* MainVCCollectionViewDelegate.swift */; };
		277DC0B31F5B34170064601F /* MainVCCollectionViewDataSource.swift in Sources */ = {isa = PBXBuildFile; fileRef = 277DC0B21F5B34170064601F /* MainVCCollectionViewDataSource.swift */; };
		277DC0B51F5B346C0064601F /* MainVCCollectionViewDelegateFlowLayout.swift in Sources */ = {isa = PBXBuildFile; fileRef = 277DC0B41F5B346C0064601F /* MainVCCollectionViewDelegateFlowLayout.swift */; };
		277DC0B71F5B34A70064601F /* MainVCSearchBarDelegate.swift in Sources */ = {isa = PBXBuildFile; fileRef = 277DC0B61F5B34A70064601F /* MainVCSearchBarDelegate.swift */; };
		277DC0B91F5B35460064601F /* MainVCFunctions.swift in Sources */ = {isa = PBXBuildFile; fileRef = 277DC0B81F5B35460064601F /* MainVCFunctions.swift */; };
		277DC0BB1F5B404D0064601F /* Type.swift in Sources */ = {isa = PBXBuildFile; fileRef = 277DC0BA1F5B404D0064601F /* Type.swift */; };
		27F40E461F57758900A6479F /* PokeCell.swift in Sources */ = {isa = PBXBuildFile; fileRef = 27F40E451F57758900A6479F /* PokeCell.swift */; };
		27F40E481F5784B500A6479F /* csv.swift in Sources */ = {isa = PBXBuildFile; fileRef = 27F40E471F5784B500A6479F /* csv.swift */; };
		27F40E4A1F579F0D00A6479F /* pokemon.ttf in Resources */ = {isa = PBXBuildFile; fileRef = 27F40E491F579F0D00A6479F /* pokemon.ttf */; };
		27F40E501F579FBD00A6479F /* music.mp3 in Resources */ = {isa = PBXBuildFile; fileRef = 27F40E4E1F579FBD00A6479F /* music.mp3 */; };
		27F40E511F579FBD00A6479F /* music.png in Resources */ = {isa = PBXBuildFile; fileRef = 27F40E4F1F579FBD00A6479F /* music.png */; };
		27F40E531F585FE500A6479F /* DetailsVC.swift in Sources */ = {isa = PBXBuildFile; fileRef = 27F40E521F585FE500A6479F /* DetailsVC.swift */; };
		27FFCE271F5891A6001DEC9A /* Constants.swift in Sources */ = {isa = PBXBuildFile; fileRef = 27FFCE261F5891A6001DEC9A /* Constants.swift */; };
		D92CED37198FEF88294DBC00 /* Pods_Pokedex.framework in Frameworks */ = {isa = PBXBuildFile; fileRef = EECCEFA380E85BD7252BEA91 /* Pods_Pokedex.framework */; };
/* End PBXBuildFile section */

/* Begin PBXFileReference section */
		2708C0B41F54E65000800143 /* Pokedex.app */ = {isa = PBXFileReference; explicitFileType = wrapper.application; includeInIndex = 0; path = Pokedex.app; sourceTree = BUILT_PRODUCTS_DIR; };
		2708C0B71F54E65000800143 /* AppDelegate.swift */ = {isa = PBXFileReference; lastKnownFileType = sourcecode.swift; path = AppDelegate.swift; sourceTree = "<group>"; };
		2708C0B91F54E65000800143 /* MainVC.swift */ = {isa = PBXFileReference; lastKnownFileType = sourcecode.swift; path = MainVC.swift; sourceTree = "<group>"; };
		2708C0BC1F54E65000800143 /* Base */ = {isa = PBXFileReference; lastKnownFileType = file.storyboard; name = Base; path = Base.lproj/Main.storyboard; sourceTree = "<group>"; };
		2708C0BE1F54E65000800143 /* Assets.xcassets */ = {isa = PBXFileReference; lastKnownFileType = folder.assetcatalog; path = Assets.xcassets; sourceTree = "<group>"; };
		2708C0C11F54E65000800143 /* Base */ = {isa = PBXFileReference; lastKnownFileType = file.storyboard; name = Base; path = Base.lproj/LaunchScreen.storyboard; sourceTree = "<group>"; };
		2708C0C31F54E65000800143 /* Info.plist */ = {isa = PBXFileReference; lastKnownFileType = text.plist.xml; path = Info.plist; sourceTree = "<group>"; };
		2708C0C91F54EF0300800143 /* pokemon.csv */ = {isa = PBXFileReference; fileEncoding = 4; lastKnownFileType = text; path = pokemon.csv; sourceTree = "<group>"; };
		2708C0CC1F54F28200800143 /* Pokemon.swift */ = {isa = PBXFileReference; fileEncoding = 4; lastKnownFileType = sourcecode.swift; path = Pokemon.swift; sourceTree = "<group>"; };
		277DC0B01F5B337A0064601F /* MainVCCollectionViewDelegate.swift */ = {isa = PBXFileReference; fileEncoding = 4; lastKnownFileType = sourcecode.swift; path = MainVCCollectionViewDelegate.swift; sourceTree = "<group>"; };
		277DC0B21F5B34170064601F /* MainVCCollectionViewDataSource.swift */ = {isa = PBXFileReference; fileEncoding = 4; lastKnownFileType = sourcecode.swift; path = MainVCCollectionViewDataSource.swift; sourceTree = "<group>"; };
		277DC0B41F5B346C0064601F /* MainVCCollectionViewDelegateFlowLayout.swift */ = {isa = PBXFileReference; fileEncoding = 4; lastKnownFileType = sourcecode.swift; path = MainVCCollectionViewDelegateFlowLayout.swift; sourceTree = "<group>"; };
		277DC0B61F5B34A70064601F /* MainVCSearchBarDelegate.swift */ = {isa = PBXFileReference; fileEncoding = 4; lastKnownFileType = sourcecode.swift; path = MainVCSearchBarDelegate.swift; sourceTree = "<group>"; };
		277DC0B81F5B35460064601F /* MainVCFunctions.swift */ = {isa = PBXFileReference; fileEncoding = 4; lastKnownFileType = sourcecode.swift; path = MainVCFunctions.swift; sourceTree = "<group>"; };
		277DC0BA1F5B404D0064601F /* Type.swift */ = {isa = PBXFileReference; fileEncoding = 4; lastKnownFileType = sourcecode.swift; path = Type.swift; sourceTree = "<group>"; };
		27F40E451F57758900A6479F /* PokeCell.swift */ = {isa = PBXFileReference; fileEncoding = 4; lastKnownFileType = sourcecode.swift; path = PokeCell.swift; sourceTree = "<group>"; };
		27F40E471F5784B500A6479F /* csv.swift */ = {isa = PBXFileReference; fileEncoding = 4; lastKnownFileType = sourcecode.swift; path = csv.swift; sourceTree = "<group>"; };
		27F40E491F579F0D00A6479F /* pokemon.ttf */ = {isa = PBXFileReference; lastKnownFileType = file; path = pokemon.ttf; sourceTree = "<group>"; };
		27F40E4E1F579FBD00A6479F /* music.mp3 */ = {isa = PBXFileReference; lastKnownFileType = audio.mp3; path = music.mp3; sourceTree = "<group>"; };
		27F40E4F1F579FBD00A6479F /* music.png */ = {isa = PBXFileReference; lastKnownFileType = image.png; path = music.png; sourceTree = "<group>"; };
		27F40E521F585FE500A6479F /* DetailsVC.swift */ = {isa = PBXFileReference; fileEncoding = 4; lastKnownFileType = sourcecode.swift; path = DetailsVC.swift; sourceTree = "<group>"; };
		27FFCE261F5891A6001DEC9A /* Constants.swift */ = {isa = PBXFileReference; fileEncoding = 4; lastKnownFileType = sourcecode.swift; path = Constants.swift; sourceTree = "<group>"; };
		3F82E30F95D6B6E78347C833 /* Pods-Pokedex.release.xcconfig */ = {isa = PBXFileReference; includeInIndex = 1; lastKnownFileType = text.xcconfig; name = "Pods-Pokedex.release.xcconfig"; path = "Pods/Target Support Files/Pods-Pokedex/Pods-Pokedex.release.xcconfig"; sourceTree = "<group>"; };
		9319D271DC73A3B814D82A62 /* Pods-Pokedex.debug.xcconfig */ = {isa = PBXFileReference; includeInIndex = 1; lastKnownFileType = text.xcconfig; name = "Pods-Pokedex.debug.xcconfig"; path = "Pods/Target Support Files/Pods-Pokedex/Pods-Pokedex.debug.xcconfig"; sourceTree = "<group>"; };
		EECCEFA380E85BD7252BEA91 /* Pods_Pokedex.framework */ = {isa = PBXFileReference; explicitFileType = wrapper.framework; includeInIndex = 0; path = Pods_Pokedex.framework; sourceTree = BUILT_PRODUCTS_DIR; };
/* End PBXFileReference section */

/* Begin PBXFrameworksBuildPhase section */
		2708C0B11F54E65000800143 /* Frameworks */ = {
			isa = PBXFrameworksBuildPhase;
			buildActionMask = 2147483647;
			files = (
				D92CED37198FEF88294DBC00 /* Pods_Pokedex.framework in Frameworks */,
			);
			runOnlyForDeploymentPostprocessing = 0;
		};
/* End PBXFrameworksBuildPhase section */

/* Begin PBXGroup section */
		2708C0AB1F54E65000800143 = {
			isa = PBXGroup;
			children = (
				2708C0B61F54E65000800143 /* Pokedex */,
				2708C0B51F54E65000800143 /* Products */,
				516D87C39AA7ACBE2AC5B263 /* Pods */,
				7723993020392DEADD50BEBA /* Frameworks */,
			);
			sourceTree = "<group>";
		};
		2708C0B51F54E65000800143 /* Products */ = {
			isa = PBXGroup;
			children = (
				2708C0B41F54E65000800143 /* Pokedex.app */,
			);
			name = Products;
			sourceTree = "<group>";
		};
		2708C0B61F54E65000800143 /* Pokedex */ = {
			isa = PBXGroup;
			children = (
				2708C0CB1F54F26600800143 /* Model */,
				27F40E441F57756000A6479F /* View */,
				27F40E4B1F579F2E00A6479F /* Controller */,
				27F40E4C1F579F3A00A6479F /* Resources */,
				27F40E4D1F579F4300A6479F /* Utils */,
				2708C0BB1F54E65000800143 /* Main.storyboard */,
				2708C0BE1F54E65000800143 /* Assets.xcassets */,
				2708C0C01F54E65000800143 /* LaunchScreen.storyboard */,
				2708C0C31F54E65000800143 /* Info.plist */,
			);
			path = Pokedex;
			sourceTree = "<group>";
		};
		2708C0CB1F54F26600800143 /* Model */ = {
			isa = PBXGroup;
			children = (
				2708C0CC1F54F28200800143 /* Pokemon.swift */,
				277DC0BA1F5B404D0064601F /* Type.swift */,
			);
			name = Model;
			sourceTree = "<group>";
		};
		277DC0AF1F5B333B0064601F /* MainVC */ = {
			isa = PBXGroup;
			children = (
				2708C0B91F54E65000800143 /* MainVC.swift */,
				277DC0B01F5B337A0064601F /* MainVCCollectionViewDelegate.swift */,
				277DC0B21F5B34170064601F /* MainVCCollectionViewDataSource.swift */,
				277DC0B41F5B346C0064601F /* MainVCCollectionViewDelegateFlowLayout.swift */,
				277DC0B61F5B34A70064601F /* MainVCSearchBarDelegate.swift */,
				277DC0B81F5B35460064601F /* MainVCFunctions.swift */,
			);
			name = MainVC;
			sourceTree = "<group>";
		};
		27F40E441F57756000A6479F /* View */ = {
			isa = PBXGroup;
			children = (
				27F40E451F57758900A6479F /* PokeCell.swift */,
			);
			name = View;
			sourceTree = "<group>";
		};
		27F40E4B1F579F2E00A6479F /* Controller */ = {
			isa = PBXGroup;
			children = (
				277DC0AF1F5B333B0064601F /* MainVC */,
				27F40E521F585FE500A6479F /* DetailsVC.swift */,
				2708C0B71F54E65000800143 /* AppDelegate.swift */,
			);
			name = Controller;
			sourceTree = "<group>";
		};
		27F40E4C1F579F3A00A6479F /* Resources */ = {
			isa = PBXGroup;
			children = (
				2708C0C91F54EF0300800143 /* pokemon.csv */,
				27F40E491F579F0D00A6479F /* pokemon.ttf */,
				27F40E4E1F579FBD00A6479F /* music.mp3 */,
				27F40E4F1F579FBD00A6479F /* music.png */,
			);
			name = Resources;
			sourceTree = "<group>";
		};
		27F40E4D1F579F4300A6479F /* Utils */ = {
			isa = PBXGroup;
			children = (
				27F40E471F5784B500A6479F /* csv.swift */,
				27FFCE261F5891A6001DEC9A /* Constants.swift */,
			);
			name = Utils;
			sourceTree = "<group>";
		};
		516D87C39AA7ACBE2AC5B263 /* Pods */ = {
			isa = PBXGroup;
			children = (
				9319D271DC73A3B814D82A62 /* Pods-Pokedex.debug.xcconfig */,
				3F82E30F95D6B6E78347C833 /* Pods-Pokedex.release.xcconfig */,
			);
			name = Pods;
			sourceTree = "<group>";
		};
		7723993020392DEADD50BEBA /* Frameworks */ = {
			isa = PBXGroup;
			children = (
				EECCEFA380E85BD7252BEA91 /* Pods_Pokedex.framework */,
			);
			name = Frameworks;
			sourceTree = "<group>";
		};
/* End PBXGroup section */

/* Begin PBXNativeTarget section */
		2708C0B31F54E65000800143 /* Pokedex */ = {
			isa = PBXNativeTarget;
			buildConfigurationList = 2708C0C61F54E65000800143 /* Build configuration list for PBXNativeTarget "Pokedex" */;
			buildPhases = (
				7DBAC59817D1B0E8262EBFFC /* [CP] Check Pods Manifest.lock */,
				2708C0B01F54E65000800143 /* Sources */,
				2708C0B11F54E65000800143 /* Frameworks */,
				2708C0B21F54E65000800143 /* Resources */,
				9B352BC2A69BA379D6AB183A /* [CP] Embed Pods Frameworks */,
				990B5725FB1D01ECDFB6A30D /* [CP] Copy Pods Resources */,
			);
			buildRules = (
			);
			dependencies = (
			);
			name = Pokedex;
			productName = Pokedex;
			productReference = 2708C0B41F54E65000800143 /* Pokedex.app */;
			productType = "com.apple.product-type.application";
		};
/* End PBXNativeTarget section */

/* Begin PBXProject section */
		2708C0AC1F54E65000800143 /* Project object */ = {
			isa = PBXProject;
			attributes = {
				LastSwiftUpdateCheck = 0830;
				LastUpgradeCheck = 0830;
				ORGANIZATIONNAME = "Ahmad Ayman";
				TargetAttributes = {
					2708C0B31F54E65000800143 = {
						CreatedOnToolsVersion = 8.3.3;
						LastSwiftMigration = 0830;
						ProvisioningStyle = Automatic;
					};
				};
			};
			buildConfigurationList = 2708C0AF1F54E65000800143 /* Build configuration list for PBXProject "Pokedex" */;
			compatibilityVersion = "Xcode 3.2";
			developmentRegion = English;
			hasScannedForEncodings = 0;
			knownRegions = (
				en,
				Base,
			);
			mainGroup = 2708C0AB1F54E65000800143;
			productRefGroup = 2708C0B51F54E65000800143 /* Products */;
			projectDirPath = "";
			projectRoot = "";
			targets = (
				2708C0B31F54E65000800143 /* Pokedex */,
			);
		};
/* End PBXProject section */

/* Begin PBXResourcesBuildPhase section */
		2708C0B21F54E65000800143 /* Resources */ = {
			isa = PBXResourcesBuildPhase;
			buildActionMask = 2147483647;
			files = (
				27F40E4A1F579F0D00A6479F /* pokemon.ttf in Resources */,
				27F40E511F579FBD00A6479F /* music.png in Resources */,
				2708C0C21F54E65000800143 /* LaunchScreen.storyboard in Resources */,
				27F40E501F579FBD00A6479F /* music.mp3 in Resources */,
				2708C0BF1F54E65000800143 /* Assets.xcassets in Resources */,
				2708C0CA1F54EF0300800143 /* pokemon.csv in Resources */,
				2708C0BD1F54E65000800143 /* Main.storyboard in Resources */,
			);
			runOnlyForDeploymentPostprocessing = 0;
		};
/* End PBXResourcesBuildPhase section */

/* Begin PBXShellScriptBuildPhase section */
		7DBAC59817D1B0E8262EBFFC /* [CP] Check Pods Manifest.lock */ = {
			isa = PBXShellScriptBuildPhase;
			buildActionMask = 2147483647;
			files = (
			);
			inputPaths = (
				"${PODS_PODFILE_DIR_PATH}/Podfile.lock",
				"${PODS_ROOT}/Manifest.lock",
			);
			name = "[CP] Check Pods Manifest.lock";
			outputPaths = (
				"$(DERIVED_FILE_DIR)/Pods-Pokedex-checkManifestLockResult.txt",
			);
			runOnlyForDeploymentPostprocessing = 0;
			shellPath = /bin/sh;
			shellScript = "diff \"${PODS_PODFILE_DIR_PATH}/Podfile.lock\" \"${PODS_ROOT}/Manifest.lock\" > /dev/null\nif [ $? != 0 ] ; then\n    # print error to STDERR\n    echo \"error: The sandbox is not in sync with the Podfile.lock. Run 'pod install' or update your CocoaPods installation.\" >&2\n    exit 1\nfi\n# This output is used by Xcode 'outputs' to avoid re-running this script phase.\necho \"SUCCESS\" > \"${SCRIPT_OUTPUT_FILE_0}\"\n";
			showEnvVarsInLog = 0;
		};
		990B5725FB1D01ECDFB6A30D /* [CP] Copy Pods Resources */ = {
			isa = PBXShellScriptBuildPhase;
			buildActionMask = 2147483647;
			files = (
			);
			inputPaths = (
			);
			name = "[CP] Copy Pods Resources";
			outputPaths = (
			);
			runOnlyForDeploymentPostprocessing = 0;
			shellPath = /bin/sh;
			shellScript = "\"${SRCROOT}/Pods/Target Support Files/Pods-Pokedex/Pods-Pokedex-resources.sh\"\n";
			showEnvVarsInLog = 0;
		};
		9B352BC2A69BA379D6AB183A /* [CP] Embed Pods Frameworks */ = {
			isa = PBXShellScriptBuildPhase;
			buildActionMask = 2147483647;
			files = (
			);
			inputPaths = (
				"${SRCROOT}/Pods/Target Support Files/Pods-Pokedex/Pods-Pokedex-frameworks.sh",
				"${BUILT_PRODUCTS_DIR}/Alamofire/Alamofire.framework",
				"${BUILT_PRODUCTS_DIR}/AlamofireNetworkActivityIndicator/AlamofireNetworkActivityIndicator.framework",
				"${BUILT_PRODUCTS_DIR}/ObjectMapper/ObjectMapper.framework",
				"${BUILT_PRODUCTS_DIR}/SwiftyJSON/SwiftyJSON.framework",
			);
			name = "[CP] Embed Pods Frameworks";
			outputPaths = (
				"${TARGET_BUILD_DIR}/${FRAMEWORKS_FOLDER_PATH}/Alamofire.framework",
				"${TARGET_BUILD_DIR}/${FRAMEWORKS_FOLDER_PATH}/AlamofireNetworkActivityIndicator.framework",
				"${TARGET_BUILD_DIR}/${FRAMEWORKS_FOLDER_PATH}/ObjectMapper.framework",
				"${TARGET_BUILD_DIR}/${FRAMEWORKS_FOLDER_PATH}/SwiftyJSON.framework",
			);
			runOnlyForDeploymentPostprocessing = 0;
			shellPath = /bin/sh;
			shellScript = "\"${SRCROOT}/Pods/Target Support Files/Pods-Pokedex/Pods-Pokedex-frameworks.sh\"\n";
			showEnvVarsInLog = 0;
		};
/* End PBXShellScriptBuildPhase section */

/* Begin PBXSourcesBuildPhase section */
		2708C0B01F54E65000800143 /* Sources */ = {
			isa = PBXSourcesBuildPhase;
			buildActionMask = 2147483647;
			files = (
				27F40E461F57758900A6479F /* PokeCell.swift in Sources */,
				277DC0B51F5B346C0064601F /* MainVCCollectionViewDelegateFlowLayout.swift in Sources */,
				277DC0B71F5B34A70064601F /* MainVCSearchBarDelegate.swift in Sources */,
				277DC0B91F5B35460064601F /* MainVCFunctions.swift in Sources */,
				277DC0B11F5B337A0064601F /* MainVCCollectionViewDelegate.swift in Sources */,
				27F40E531F585FE500A6479F /* DetailsVC.swift in Sources */,
				2708C0BA1F54E65000800143 /* MainVC.swift in Sources */,
				2708C0B81F54E65000800143 /* AppDelegate.swift in Sources */,
				277DC0BB1F5B404D0064601F /* Type.swift in Sources */,
				27FFCE271F5891A6001DEC9A /* Constants.swift in Sources */,
				277DC0B31F5B34170064601F /* MainVCCollectionViewDataSource.swift in Sources */,
				2708C0CD1F54F28200800143 /* Pokemon.swift in Sources */,
				27F40E481F5784B500A6479F /* csv.swift in Sources */,
			);
			runOnlyForDeploymentPostprocessing = 0;
		};
/* End PBXSourcesBuildPhase section */

/* Begin PBXVariantGroup section */
		2708C0BB1F54E65000800143 /* Main.storyboard */ = {
			isa = PBXVariantGroup;
			children = (
				2708C0BC1F54E65000800143 /* Base */,
			);
			name = Main.storyboard;
			sourceTree = "<group>";
		};
		2708C0C01F54E65000800143 /* LaunchScreen.storyboard */ = {
			isa = PBXVariantGroup;
			children = (
				2708C0C11F54E65000800143 /* Base */,
			);
			name = LaunchScreen.storyboard;
			sourceTree = "<group>";
		};
/* End PBXVariantGroup section */

/* Begin XCBuildConfiguration section */
		2708C0C41F54E65000800143 /* Debug */ = {
			isa = XCBuildConfiguration;
			buildSettings = {
				ALWAYS_SEARCH_USER_PATHS = NO;
				CLANG_ANALYZER_NONNULL = YES;
				CLANG_ANALYZER_NUMBER_OBJECT_CONVERSION = YES_AGGRESSIVE;
				CLANG_CXX_LANGUAGE_STANDARD = "gnu++0x";
				CLANG_CXX_LIBRARY = "libc++";
				CLANG_ENABLE_MODULES = YES;
				CLANG_ENABLE_OBJC_ARC = YES;
				CLANG_WARN_BOOL_CONVERSION = YES;
				CLANG_WARN_CONSTANT_CONVERSION = YES;
				CLANG_WARN_DIRECT_OBJC_ISA_USAGE = YES_ERROR;
				CLANG_WARN_DOCUMENTATION_COMMENTS = YES;
				CLANG_WARN_EMPTY_BODY = YES;
				CLANG_WARN_ENUM_CONVERSION = YES;
				CLANG_WARN_INFINITE_RECURSION = YES;
				CLANG_WARN_INT_CONVERSION = YES;
				CLANG_WARN_OBJC_ROOT_CLASS = YES_ERROR;
				CLANG_WARN_SUSPICIOUS_MOVE = YES;
				CLANG_WARN_UNREACHABLE_CODE = YES;
				CLANG_WARN__DUPLICATE_METHOD_MATCH = YES;
				"CODE_SIGN_IDENTITY[sdk=iphoneos*]" = "iPhone Developer";
				COPY_PHASE_STRIP = NO;
				DEBUG_INFORMATION_FORMAT = dwarf;
				ENABLE_STRICT_OBJC_MSGSEND = YES;
				ENABLE_TESTABILITY = YES;
				GCC_C_LANGUAGE_STANDARD = gnu99;
				GCC_DYNAMIC_NO_PIC = NO;
				GCC_NO_COMMON_BLOCKS = YES;
				GCC_OPTIMIZATION_LEVEL = 0;
				GCC_PREPROCESSOR_DEFINITIONS = (
					"DEBUG=1",
					"$(inherited)",
				);
				GCC_WARN_64_TO_32_BIT_CONVERSION = YES;
				GCC_WARN_ABOUT_RETURN_TYPE = YES_ERROR;
				GCC_WARN_UNDECLARED_SELECTOR = YES;
				GCC_WARN_UNINITIALIZED_AUTOS = YES_AGGRESSIVE;
				GCC_WARN_UNUSED_FUNCTION = YES;
				GCC_WARN_UNUSED_VARIABLE = YES;
				IPHONEOS_DEPLOYMENT_TARGET = 10.3;
				MTL_ENABLE_DEBUG_INFO = YES;
				ONLY_ACTIVE_ARCH = YES;
				SDKROOT = iphoneos;
				SWIFT_ACTIVE_COMPILATION_CONDITIONS = DEBUG;
				SWIFT_OPTIMIZATION_LEVEL = "-Onone";
			};
			name = Debug;
		};
		2708C0C51F54E65000800143 /* Release */ = {
			isa = XCBuildConfiguration;
			buildSettings = {
				ALWAYS_SEARCH_USER_PATHS = NO;
				CLANG_ANALYZER_NONNULL = YES;
				CLANG_ANALYZER_NUMBER_OBJECT_CONVERSION = YES_AGGRESSIVE;
				CLANG_CXX_LANGUAGE_STANDARD = "gnu++0x";
				CLANG_CXX_LIBRARY = "libc++";
				CLANG_ENABLE_MODULES = YES;
				CLANG_ENABLE_OBJC_ARC = YES;
				CLANG_WARN_BOOL_CONVERSION = YES;
				CLANG_WARN_CONSTANT_CONVERSION = YES;
				CLANG_WARN_DIRECT_OBJC_ISA_USAGE = YES_ERROR;
				CLANG_WARN_DOCUMENTATION_COMMENTS = YES;
				CLANG_WARN_EMPTY_BODY = YES;
				CLANG_WARN_ENUM_CONVERSION = YES;
				CLANG_WARN_INFINITE_RECURSION = YES;
				CLANG_WARN_INT_CONVERSION = YES;
				CLANG_WARN_OBJC_ROOT_CLASS = YES_ERROR;
				CLANG_WARN_SUSPICIOUS_MOVE = YES;
				CLANG_WARN_UNREACHABLE_CODE = YES;
				CLANG_WARN__DUPLICATE_METHOD_MATCH = YES;
				"CODE_SIGN_IDENTITY[sdk=iphoneos*]" = "iPhone Developer";
				COPY_PHASE_STRIP = NO;
				DEBUG_INFORMATION_FORMAT = "dwarf-with-dsym";
				ENABLE_NS_ASSERTIONS = NO;
				ENABLE_STRICT_OBJC_MSGSEND = YES;
				GCC_C_LANGUAGE_STANDARD = gnu99;
				GCC_NO_COMMON_BLOCKS = YES;
				GCC_WARN_64_TO_32_BIT_CONVERSION = YES;
				GCC_WARN_ABOUT_RETURN_TYPE = YES_ERROR;
				GCC_WARN_UNDECLARED_SELECTOR = YES;
				GCC_WARN_UNINITIALIZED_AUTOS = YES_AGGRESSIVE;
				GCC_WARN_UNUSED_FUNCTION = YES;
				GCC_WARN_UNUSED_VARIABLE = YES;
				IPHONEOS_DEPLOYMENT_TARGET = 10.3;
				MTL_ENABLE_DEBUG_INFO = NO;
				SDKROOT = iphoneos;
				SWIFT_OPTIMIZATION_LEVEL = "-Owholemodule";
				VALIDATE_PRODUCT = YES;
			};
			name = Release;
		};
		2708C0C71F54E65000800143 /* Debug */ = {
			isa = XCBuildConfiguration;
			baseConfigurationReference = 9319D271DC73A3B814D82A62 /* Pods-Pokedex.debug.xcconfig */;
			buildSettings = {
				ASSETCATALOG_COMPILER_APPICON_NAME = AppIcon;
				INFOPLIST_FILE = Pokedex/Info.plist;
				LD_RUNPATH_SEARCH_PATHS = "$(inherited) @executable_path/Frameworks";
				PRODUCT_BUNDLE_IDENTIFIER = com.ahmadayman.Pokedex;
				PRODUCT_NAME = "$(TARGET_NAME)";
				SWIFT_VERSION = 3.0;
			};
			name = Debug;
		};
		2708C0C81F54E65000800143 /* Release */ = {
			isa = XCBuildConfiguration;
			baseConfigurationReference = 3F82E30F95D6B6E78347C833 /* Pods-Pokedex.release.xcconfig */;
			buildSettings = {
				ASSETCATALOG_COMPILER_APPICON_NAME = AppIcon;
				INFOPLIST_FILE = Pokedex/Info.plist;
				LD_RUNPATH_SEARCH_PATHS = "$(inherited) @executable_path/Frameworks";
				PRODUCT_BUNDLE_IDENTIFIER = com.ahmadayman.Pokedex;
				PRODUCT_NAME = "$(TARGET_NAME)";
				SWIFT_VERSION = 3.0;
			};
			name = Release;
		};
/* End XCBuildConfiguration section */

/* Begin XCConfigurationList section */
		2708C0AF1F54E65000800143 /* Build configuration list for PBXProject "Pokedex" */ = {
			isa = XCConfigurationList;
			buildConfigurations = (
				2708C0C41F54E65000800143 /* Debug */,
				2708C0C51F54E65000800143 /* Release */,
			);
			defaultConfigurationIsVisible = 0;
			defaultConfigurationName = Release;
		};
		2708C0C61F54E65000800143 /* Build configuration list for PBXNativeTarget "Pokedex" */ = {
			isa = XCConfigurationList;
			buildConfigurations = (
				2708C0C71F54E65000800143 /* Debug */,
				2708C0C81F54E65000800143 /* Release */,
			);
			defaultConfigurationIsVisible = 0;
			defaultConfigurationName = Release;
		};
/* End XCConfigurationList section */
	};
	rootObject = 2708C0AC1F54E65000800143 /* Project object */;
}
